// !$*UTF8*$!
{
	archiveVersion = 1;
	classes = {
	};
	objectVersion = 77;
	objects = {

/* Begin PBXContainerItemProxy section */
		603F6A422E9E60D5003F0E56 /* PBXContainerItemProxy */ = {
			isa = PBXContainerItemProxy;
			containerPortal = 603F6A292E9E60D4003F0E56 /* Project object */;
			proxyType = 1;
			remoteGlobalIDString = 603F6A302E9E60D4003F0E56;
			remoteInfo = ChallengeRockPaperScissors;
		};
		603F6A4C2E9E60D5003F0E56 /* PBXContainerItemProxy */ = {
			isa = PBXContainerItemProxy;
			containerPortal = 603F6A292E9E60D4003F0E56 /* Project object */;
			proxyType = 1;
			remoteGlobalIDString = 603F6A302E9E60D4003F0E56;
			remoteInfo = ChallengeRockPaperScissors;
		};
/* End PBXContainerItemProxy section */

/* Begin PBXFileReference section */
		603F6A312E9E60D4003F0E56 /* ChallengeRockPaperScissors.app */ = {isa = PBXFileReference; explicitFileType = wrapper.application; includeInIndex = 0; path = ChallengeRockPaperScissors.app; sourceTree = BUILT_PRODUCTS_DIR; };
		603F6A412E9E60D5003F0E56 /* ChallengeRockPaperScissorsTests.xctest */ = {isa = PBXFileReference; explicitFileType = wrapper.cfbundle; includeInIndex = 0; path = ChallengeRockPaperScissorsTests.xctest; sourceTree = BUILT_PRODUCTS_DIR; };
		603F6A4B2E9E60D5003F0E56 /* ChallengeRockPaperScissorsUITests.xctest */ = {isa = PBXFileReference; explicitFileType = wrapper.cfbundle; includeInIndex = 0; path = ChallengeRockPaperScissorsUITests.xctest; sourceTree = BUILT_PRODUCTS_DIR; };
/* End PBXFileReference section */

/* Begin PBXFileSystemSynchronizedRootGroup section */
		603F6A332E9E60D4003F0E56 /* ChallengeRockPaperScissors */ = {
			isa = PBXFileSystemSynchronizedRootGroup;
			path = ChallengeRockPaperScissors;
			sourceTree = "<group>";
		};
		603F6A442E9E60D5003F0E56 /* ChallengeRockPaperScissorsTests */ = {
			isa = PBXFileSystemSynchronizedRootGroup;
			path = ChallengeRockPaperScissorsTests;
			sourceTree = "<group>";
		};
		603F6A4E2E9E60D5003F0E56 /* ChallengeRockPaperScissorsUITests */ = {
			isa = PBXFileSystemSynchronizedRootGroup;
			path = ChallengeRockPaperScissorsUITests;
			sourceTree = "<group>";
		};
/* End PBXFileSystemSynchronizedRootGroup section */

/* Begin PBXFrameworksBuildPhase section */
		603F6A2E2E9E60D4003F0E56 /* Frameworks */ = {
			isa = PBXFrameworksBuildPhase;
			buildActionMask = 2147483647;
			files = (
			);
			runOnlyForDeploymentPostprocessing = 0;
		};
		603F6A3E2E9E60D5003F0E56 /* Frameworks */ = {
			isa = PBXFrameworksBuildPhase;
			buildActionMask = 2147483647;
			files = (
			);
			runOnlyForDeploymentPostprocessing = 0;
		};
		603F6A482E9E60D5003F0E56 /* Frameworks */ = {
			isa = PBXFrameworksBuildPhase;
			buildActionMask = 2147483647;
			files = (
			);
			runOnlyForDeploymentPostprocessing = 0;
		};
/* End PBXFrameworksBuildPhase section */

/* Begin PBXGroup section */
		603F6A282E9E60D4003F0E56 = {
			isa = PBXGroup;
			children = (
				603F6A332E9E60D4003F0E56 /* ChallengeRockPaperScissors */,
				603F6A442E9E60D5003F0E56 /* ChallengeRockPaperScissorsTests */,
				603F6A4E2E9E60D5003F0E56 /* ChallengeRockPaperScissorsUITests */,
				603F6A322E9E60D4003F0E56 /* Products */,
			);
			sourceTree = "<group>";
		};
		603F6A322E9E60D4003F0E56 /* Products */ = {
			isa = PBXGroup;
			children = (
				603F6A312E9E60D4003F0E56 /* ChallengeRockPaperScissors.app */,
				603F6A412E9E60D5003F0E56 /* ChallengeRockPaperScissorsTests.xctest */,
				603F6A4B2E9E60D5003F0E56 /* ChallengeRockPaperScissorsUITests.xctest */,
			);
			name = Products;
			sourceTree = "<group>";
		};
/* End PBXGroup section */

/* Begin PBXNativeTarget section */
		603F6A302E9E60D4003F0E56 /* ChallengeRockPaperScissors */ = {
			isa = PBXNativeTarget;
			buildConfigurationList = 603F6A552E9E60D5003F0E56 /* Build configuration list for PBXNativeTarget "ChallengeRockPaperScissors" */;
			buildPhases = (
				603F6A2D2E9E60D4003F0E56 /* Sources */,
				603F6A2E2E9E60D4003F0E56 /* Frameworks */,
				603F6A2F2E9E60D4003F0E56 /* Resources */,
			);
			buildRules = (
			);
			dependencies = (
			);
			fileSystemSynchronizedGroups = (
				603F6A332E9E60D4003F0E56 /* ChallengeRockPaperScissors */,
			);
			name = ChallengeRockPaperScissors;
			packageProductDependencies = (
			);
			productName = ChallengeRockPaperScissors;
			productReference = 603F6A312E9E60D4003F0E56 /* ChallengeRockPaperScissors.app */;
			productType = "com.apple.product-type.application";
		};
		603F6A402E9E60D5003F0E56 /* ChallengeRockPaperScissorsTests */ = {
			isa = PBXNativeTarget;
			buildConfigurationList = 603F6A582E9E60D5003F0E56 /* Build configuration list for PBXNativeTarget "ChallengeRockPaperScissorsTests" */;
			buildPhases = (
				603F6A3D2E9E60D5003F0E56 /* Sources */,
				603F6A3E2E9E60D5003F0E56 /* Frameworks */,
				603F6A3F2E9E60D5003F0E56 /* Resources */,
			);
			buildRules = (
			);
			dependencies = (
				603F6A432E9E60D5003F0E56 /* PBXTargetDependency */,
			);
			fileSystemSynchronizedGroups = (
				603F6A442E9E60D5003F0E56 /* ChallengeRockPaperScissorsTests */,
			);
			name = ChallengeRockPaperScissorsTests;
			packageProductDependencies = (
			);
			productName = ChallengeRockPaperScissorsTests;
			productReference = 603F6A412E9E60D5003F0E56 /* ChallengeRockPaperScissorsTests.xctest */;
			productType = "com.apple.product-type.bundle.unit-test";
		};
		603F6A4A2E9E60D5003F0E56 /* ChallengeRockPaperScissorsUITests */ = {
			isa = PBXNativeTarget;
			buildConfigurationList = 603F6A5B2E9E60D5003F0E56 /* Build configuration list for PBXNativeTarget "ChallengeRockPaperScissorsUITests" */;
			buildPhases = (
				603F6A472E9E60D5003F0E56 /* Sources */,
				603F6A482E9E60D5003F0E56 /* Frameworks */,
				603F6A492E9E60D5003F0E56 /* Resources */,
			);
			buildRules = (
			);
			dependencies = (
				603F6A4D2E9E60D5003F0E56 /* PBXTargetDependency */,
			);
			fileSystemSynchronizedGroups = (
				603F6A4E2E9E60D5003F0E56 /* ChallengeRockPaperScissorsUITests */,
			);
			name = ChallengeRockPaperScissorsUITests;
			packageProductDependencies = (
			);
			productName = ChallengeRockPaperScissorsUITests;
			productReference = 603F6A4B2E9E60D5003F0E56 /* ChallengeRockPaperScissorsUITests.xctest */;
			productType = "com.apple.product-type.bundle.ui-testing";
		};
/* End PBXNativeTarget section */

/* Begin PBXProject section */
		603F6A292E9E60D4003F0E56 /* Project object */ = {
			isa = PBXProject;
			attributes = {
				BuildIndependentTargetsInParallel = 1;
				LastSwiftUpdateCheck = 1620;
				LastUpgradeCheck = 1620;
				TargetAttributes = {
					603F6A302E9E60D4003F0E56 = {
						CreatedOnToolsVersion = 16.2;
					};
					603F6A402E9E60D5003F0E56 = {
						CreatedOnToolsVersion = 16.2;
						TestTargetID = 603F6A302E9E60D4003F0E56;
					};
					603F6A4A2E9E60D5003F0E56 = {
						CreatedOnToolsVersion = 16.2;
						TestTargetID = 603F6A302E9E60D4003F0E56;
					};
				};
			};
			buildConfigurationList = 603F6A2C2E9E60D4003F0E56 /* Build configuration list for PBXProject "ChallengeRockPaperScissors" */;
			developmentRegion = en;
			hasScannedForEncodings = 0;
			knownRegions = (
				en,
				Base,
			);
			mainGroup = 603F6A282E9E60D4003F0E56;
			minimizedProjectReferenceProxies = 1;
			preferredProjectObjectVersion = 77;
			productRefGroup = 603F6A322E9E60D4003F0E56 /* Products */;
			projectDirPath = "";
			projectRoot = "";
			targets = (
				603F6A302E9E60D4003F0E56 /* ChallengeRockPaperScissors */,
				603F6A402E9E60D5003F0E56 /* ChallengeRockPaperScissorsTests */,
				603F6A4A2E9E60D5003F0E56 /* ChallengeRockPaperScissorsUITests */,
			);
		};
/* End PBXProject section */

/* Begin PBXResourcesBuildPhase section */
		603F6A2F2E9E60D4003F0E56 /* Resources */ = {
			isa = PBXResourcesBuildPhase;
			buildActionMask = 2147483647;
			files = (
			);
			runOnlyForDeploymentPostprocessing = 0;
		};
		603F6A3F2E9E60D5003F0E56 /* Resources */ = {
			isa = PBXResourcesBuildPhase;
			buildActionMask = 2147483647;
			files = (
			);
			runOnlyForDeploymentPostprocessing = 0;
		};
		603F6A492E9E60D5003F0E56 /* Resources */ = {
			isa = PBXResourcesBuildPhase;
			buildActionMask = 2147483647;
			files = (
			);
			runOnlyForDeploymentPostprocessing = 0;
		};
/* End PBXResourcesBuildPhase section */

/* Begin PBXSourcesBuildPhase section */
		603F6A2D2E9E60D4003F0E56 /* Sources */ = {
			isa = PBXSourcesBuildPhase;
			buildActionMask = 2147483647;
			files = (
			);
			runOnlyForDeploymentPostprocessing = 0;
		};
		603F6A3D2E9E60D5003F0E56 /* Sources */ = {
			isa = PBXSourcesBuildPhase;
			buildActionMask = 2147483647;
			files = (
			);
			runOnlyForDeploymentPostprocessing = 0;
		};
		603F6A472E9E60D5003F0E56 /* Sources */ = {
			isa = PBXSourcesBuildPhase;
			buildActionMask = 2147483647;
			files = (
			);
			runOnlyForDeploymentPostprocessing = 0;
		};
/* End PBXSourcesBuildPhase section */

/* Begin PBXTargetDependency section */
		603F6A432E9E60D5003F0E56 /* PBXTargetDependency */ = {
			isa = PBXTargetDependency;
			target = 603F6A302E9E60D4003F0E56 /* ChallengeRockPaperScissors */;
			targetProxy = 603F6A422E9E60D5003F0E56 /* PBXContainerItemProxy */;
		};
		603F6A4D2E9E60D5003F0E56 /* PBXTargetDependency */ = {
			isa = PBXTargetDependency;
			target = 603F6A302E9E60D4003F0E56 /* ChallengeRockPaperScissors */;
			targetProxy = 603F6A4C2E9E60D5003F0E56 /* PBXContainerItemProxy */;
		};
/* End PBXTargetDependency section */

/* Begin XCBuildConfiguration section */
		603F6A532E9E60D5003F0E56 /* Debug */ = {
			isa = XCBuildConfiguration;
			buildSettings = {
				ALWAYS_SEARCH_USER_PATHS = NO;
				ASSETCATALOG_COMPILER_GENERATE_SWIFT_ASSET_SYMBOL_EXTENSIONS = YES;
				CLANG_ANALYZER_NONNULL = YES;
				CLANG_ANALYZER_NUMBER_OBJECT_CONVERSION = YES_AGGRESSIVE;
				CLANG_CXX_LANGUAGE_STANDARD = "gnu++20";
				CLANG_ENABLE_MODULES = YES;
				CLANG_ENABLE_OBJC_ARC = YES;
				CLANG_ENABLE_OBJC_WEAK = YES;
				CLANG_WARN_BLOCK_CAPTURE_AUTORELEASING = YES;
				CLANG_WARN_BOOL_CONVERSION = YES;
				CLANG_WARN_COMMA = YES;
				CLANG_WARN_CONSTANT_CONVERSION = YES;
				CLANG_WARN_DEPRECATED_OBJC_IMPLEMENTATIONS = YES;
				CLANG_WARN_DIRECT_OBJC_ISA_USAGE = YES_ERROR;
				CLANG_WARN_DOCUMENTATION_COMMENTS = YES;
				CLANG_WARN_EMPTY_BODY = YES;
				CLANG_WARN_ENUM_CONVERSION = YES;
				CLANG_WARN_INFINITE_RECURSION = YES;
				CLANG_WARN_INT_CONVERSION = YES;
				CLANG_WARN_NON_LITERAL_NULL_CONVERSION = YES;
				CLANG_WARN_OBJC_IMPLICIT_RETAIN_SELF = YES;
				CLANG_WARN_OBJC_LITERAL_CONVERSION = YES;
				CLANG_WARN_OBJC_ROOT_CLASS = YES_ERROR;
				CLANG_WARN_QUOTED_INCLUDE_IN_FRAMEWORK_HEADER = YES;
				CLANG_WARN_RANGE_LOOP_ANALYSIS = YES;
				CLANG_WARN_STRICT_PROTOTYPES = YES;
				CLANG_WARN_SUSPICIOUS_MOVE = YES;
				CLANG_WARN_UNGUARDED_AVAILABILITY = YES_AGGRESSIVE;
				CLANG_WARN_UNREACHABLE_CODE = YES;
				CLANG_WARN__DUPLICATE_METHOD_MATCH = YES;
				COPY_PHASE_STRIP = NO;
				DEBUG_INFORMATION_FORMAT = dwarf;
				ENABLE_STRICT_OBJC_MSGSEND = YES;
				ENABLE_TESTABILITY = YES;
				ENABLE_USER_SCRIPT_SANDBOXING = YES;
				GCC_C_LANGUAGE_STANDARD = gnu17;
				GCC_DYNAMIC_NO_PIC = NO;
				GCC_NO_COMMON_BLOCKS = YES;
				GCC_OPTIMIZATION_LEVEL = 0;
				GCC_PREPROCESSOR_DEFINITIONS = (
					"DEBUG=1",
					"$(inherited)",
				);
				GCC_WARN_64_TO_32_BIT_CONVERSION = YES;
				GCC_WARN_ABOUT_RETURN_TYPE = YES_ERROR;
				GCC_WARN_UNDECLARED_SELECTOR = YES;
				GCC_WARN_UNINITIALIZED_AUTOS = YES_AGGRESSIVE;
				GCC_WARN_UNUSED_FUNCTION = YES;
				GCC_WARN_UNUSED_VARIABLE = YES;
				IPHONEOS_DEPLOYMENT_TARGET = 18.2;
				LOCALIZATION_PREFERS_STRING_CATALOGS = YES;
				MTL_ENABLE_DEBUG_INFO = INCLUDE_SOURCE;
				MTL_FAST_MATH = YES;
				ONLY_ACTIVE_ARCH = YES;
				SDKROOT = iphoneos;
				SWIFT_ACTIVE_COMPILATION_CONDITIONS = "DEBUG $(inherited)";
				SWIFT_OPTIMIZATION_LEVEL = "-Onone";
			};
			name = Debug;
		};
		603F6A542E9E60D5003F0E56 /* Release */ = {
			isa = XCBuildConfiguration;
			buildSettings = {
				ALWAYS_SEARCH_USER_PATHS = NO;
				ASSETCATALOG_COMPILER_GENERATE_SWIFT_ASSET_SYMBOL_EXTENSIONS = YES;
				CLANG_ANALYZER_NONNULL = YES;
				CLANG_ANALYZER_NUMBER_OBJECT_CONVERSION = YES_AGGRESSIVE;
				CLANG_CXX_LANGUAGE_STANDARD = "gnu++20";
				CLANG_ENABLE_MODULES = YES;
				CLANG_ENABLE_OBJC_ARC = YES;
				CLANG_ENABLE_OBJC_WEAK = YES;
				CLANG_WARN_BLOCK_CAPTURE_AUTORELEASING = YES;
				CLANG_WARN_BOOL_CONVERSION = YES;
				CLANG_WARN_COMMA = YES;
				CLANG_WARN_CONSTANT_CONVERSION = YES;
				CLANG_WARN_DEPRECATED_OBJC_IMPLEMENTATIONS = YES;
				CLANG_WARN_DIRECT_OBJC_ISA_USAGE = YES_ERROR;
				CLANG_WARN_DOCUMENTATION_COMMENTS = YES;
				CLANG_WARN_EMPTY_BODY = YES;
				CLANG_WARN_ENUM_CONVERSION = YES;
				CLANG_WARN_INFINITE_RECURSION = YES;
				CLANG_WARN_INT_CONVERSION = YES;
				CLANG_WARN_NON_LITERAL_NULL_CONVERSION = YES;
				CLANG_WARN_OBJC_IMPLICIT_RETAIN_SELF = YES;
				CLANG_WARN_OBJC_LITERAL_CONVERSION = YES;
				CLANG_WARN_OBJC_ROOT_CLASS = YES_ERROR;
				CLANG_WARN_QUOTED_INCLUDE_IN_FRAMEWORK_HEADER = YES;
				CLANG_WARN_RANGE_LOOP_ANALYSIS = YES;
				CLANG_WARN_STRICT_PROTOTYPES = YES;
				CLANG_WARN_SUSPICIOUS_MOVE = YES;
				CLANG_WARN_UNGUARDED_AVAILABILITY = YES_AGGRESSIVE;
				CLANG_WARN_UNREACHABLE_CODE = YES;
				CLANG_WARN__DUPLICATE_METHOD_MATCH = YES;
				COPY_PHASE_STRIP = NO;
				DEBUG_INFORMATION_FORMAT = "dwarf-with-dsym";
				ENABLE_NS_ASSERTIONS = NO;
				ENABLE_STRICT_OBJC_MSGSEND = YES;
				ENABLE_USER_SCRIPT_SANDBOXING = YES;
				GCC_C_LANGUAGE_STANDARD = gnu17;
				GCC_NO_COMMON_BLOCKS = YES;
				GCC_WARN_64_TO_32_BIT_CONVERSION = YES;
				GCC_WARN_ABOUT_RETURN_TYPE = YES_ERROR;
				GCC_WARN_UNDECLARED_SELECTOR = YES;
				GCC_WARN_UNINITIALIZED_AUTOS = YES_AGGRESSIVE;
				GCC_WARN_UNUSED_FUNCTION = YES;
				GCC_WARN_UNUSED_VARIABLE = YES;
				IPHONEOS_DEPLOYMENT_TARGET = 18.2;
				LOCALIZATION_PREFERS_STRING_CATALOGS = YES;
				MTL_ENABLE_DEBUG_INFO = NO;
				MTL_FAST_MATH = YES;
				SDKROOT = iphoneos;
				SWIFT_COMPILATION_MODE = wholemodule;
				VALIDATE_PRODUCT = YES;
			};
			name = Release;
		};
		603F6A562E9E60D5003F0E56 /* Debug */ = {
			isa = XCBuildConfiguration;
			buildSettings = {
				ASSETCATALOG_COMPILER_APPICON_NAME = AppIcon;
				ASSETCATALOG_COMPILER_GLOBAL_ACCENT_COLOR_NAME = AccentColor;
				CODE_SIGN_STYLE = Automatic;
				CURRENT_PROJECT_VERSION = 1;
				DEVELOPMENT_ASSET_PATHS = "\"ChallengeRockPaperScissors/Preview Content\"";
				DEVELOPMENT_TEAM = JAVXX643Y3;
				ENABLE_PREVIEWS = YES;
				GENERATE_INFOPLIST_FILE = YES;
				INFOPLIST_KEY_UIApplicationSceneManifest_Generation = YES;
				INFOPLIST_KEY_UIApplicationSupportsIndirectInputEvents = YES;
				INFOPLIST_KEY_UILaunchScreen_Generation = YES;
				INFOPLIST_KEY_UISupportedInterfaceOrientations_iPad = "UIInterfaceOrientationPortrait UIInterfaceOrientationPortraitUpsideDown UIInterfaceOrientationLandscapeLeft UIInterfaceOrientationLandscapeRight";
				INFOPLIST_KEY_UISupportedInterfaceOrientations_iPhone = "UIInterfaceOrientationPortrait UIInterfaceOrientationLandscapeLeft UIInterfaceOrientationLandscapeRight";
				LD_RUNPATH_SEARCH_PATHS = (
					"$(inherited)",
					"@executable_path/Frameworks",
				);
				MARKETING_VERSION = 1.0;
				PRODUCT_BUNDLE_IDENTIFIER = peraltaTech.com.ChallengeRockPaperScissors;
				PRODUCT_NAME = "$(TARGET_NAME)";
				SWIFT_EMIT_LOC_STRINGS = YES;
				SWIFT_VERSION = 5.0;
				TARGETED_DEVICE_FAMILY = "1,2";
			};
			name = Debug;
		};
		603F6A572E9E60D5003F0E56 /* Release */ = {
			isa = XCBuildConfiguration;
			buildSettings = {
				ASSETCATALOG_COMPILER_APPICON_NAME = AppIcon;
				ASSETCATALOG_COMPILER_GLOBAL_ACCENT_COLOR_NAME = AccentColor;
				CODE_SIGN_STYLE = Automatic;
				CURRENT_PROJECT_VERSION = 1;
				DEVELOPMENT_ASSET_PATHS = "\"ChallengeRockPaperScissors/Preview Content\"";
				DEVELOPMENT_TEAM = JAVXX643Y3;
				ENABLE_PREVIEWS = YES;
				GENERATE_INFOPLIST_FILE = YES;
				INFOPLIST_KEY_UIApplicationSceneManifest_Generation = YES;
				INFOPLIST_KEY_UIApplicationSupportsIndirectInputEvents = YES;
				INFOPLIST_KEY_UILaunchScreen_Generation = YES;
				INFOPLIST_KEY_UISupportedInterfaceOrientations_iPad = "UIInterfaceOrientationPortrait UIInterfaceOrientationPortraitUpsideDown UIInterfaceOrientationLandscapeLeft UIInterfaceOrientationLandscapeRight";
				INFOPLIST_KEY_UISupportedInterfaceOrientations_iPhone = "UIInterfaceOrientationPortrait UIInterfaceOrientationLandscapeLeft UIInterfaceOrientationLandscapeRight";
				LD_RUNPATH_SEARCH_PATHS = (
					"$(inherited)",
					"@executable_path/Frameworks",
				);
				MARKETING_VERSION = 1.0;
				PRODUCT_BUNDLE_IDENTIFIER = peraltaTech.com.ChallengeRockPaperScissors;
				PRODUCT_NAME = "$(TARGET_NAME)";
				SWIFT_EMIT_LOC_STRINGS = YES;
				SWIFT_VERSION = 5.0;
				TARGETED_DEVICE_FAMILY = "1,2";
			};
			name = Release;
		};
		603F6A592E9E60D5003F0E56 /* Debug */ = {
			isa = XCBuildConfiguration;
			buildSettings = {
				BUNDLE_LOADER = "$(TEST_HOST)";
				CODE_SIGN_STYLE = Automatic;
				CURRENT_PROJECT_VERSION = 1;
				DEVELOPMENT_TEAM = JAVXX643Y3;
				GENERATE_INFOPLIST_FILE = YES;
				IPHONEOS_DEPLOYMENT_TARGET = 18.2;
				MARKETING_VERSION = 1.0;
				PRODUCT_BUNDLE_IDENTIFIER = peraltaTech.com.ChallengeRockPaperScissorsTests;
				PRODUCT_NAME = "$(TARGET_NAME)";
				SWIFT_EMIT_LOC_STRINGS = NO;
				SWIFT_VERSION = 5.0;
				TARGETED_DEVICE_FAMILY = "1,2";
				TEST_HOST = "$(BUILT_PRODUCTS_DIR)/ChallengeRockPaperScissors.app/$(BUNDLE_EXECUTABLE_FOLDER_PATH)/ChallengeRockPaperScissors";
			};
			name = Debug;
		};
		603F6A5A2E9E60D5003F0E56 /* Release */ = {
			isa = XCBuildConfiguration;
			buildSettings = {
				BUNDLE_LOADER = "$(TEST_HOST)";
				CODE_SIGN_STYLE = Automatic;
				CURRENT_PROJECT_VERSION = 1;
				DEVELOPMENT_TEAM = JAVXX643Y3;
				GENERATE_INFOPLIST_FILE = YES;
				IPHONEOS_DEPLOYMENT_TARGET = 18.2;
				MARKETING_VERSION = 1.0;
				PRODUCT_BUNDLE_IDENTIFIER = peraltaTech.com.ChallengeRockPaperScissorsTests;
				PRODUCT_NAME = "$(TARGET_NAME)";
				SWIFT_EMIT_LOC_STRINGS = NO;
				SWIFT_VERSION = 5.0;
				TARGETED_DEVICE_FAMILY = "1,2";
				TEST_HOST = "$(BUILT_PRODUCTS_DIR)/ChallengeRockPaperScissors.app/$(BUNDLE_EXECUTABLE_FOLDER_PATH)/ChallengeRockPaperScissors";
			};
			name = Release;
		};
		603F6A5C2E9E60D5003F0E56 /* Debug */ = {
			isa = XCBuildConfiguration;
			buildSettings = {
				CODE_SIGN_STYLE = Automatic;
				CURRENT_PROJECT_VERSION = 1;
				DEVELOPMENT_TEAM = JAVXX643Y3;
				GENERATE_INFOPLIST_FILE = YES;
				MARKETING_VERSION = 1.0;
				PRODUCT_BUNDLE_IDENTIFIER = peraltaTech.com.ChallengeRockPaperScissorsUITests;
				PRODUCT_NAME = "$(TARGET_NAME)";
				SWIFT_EMIT_LOC_STRINGS = NO;
				SWIFT_VERSION = 5.0;
				TARGETED_DEVICE_FAMILY = "1,2";
				TEST_TARGET_NAME = ChallengeRockPaperScissors;
			};
			name = Debug;
		};
		603F6A5D2E9E60D5003F0E56 /* Release */ = {
			isa = XCBuildConfiguration;
			buildSettings = {
				CODE_SIGN_STYLE = Automatic;
				CURRENT_PROJECT_VERSION = 1;
				DEVELOPMENT_TEAM = JAVXX643Y3;
				GENERATE_INFOPLIST_FILE = YES;
				MARKETING_VERSION = 1.0;
				PRODUCT_BUNDLE_IDENTIFIER = peraltaTech.com.ChallengeRockPaperScissorsUITests;
				PRODUCT_NAME = "$(TARGET_NAME)";
				SWIFT_EMIT_LOC_STRINGS = NO;
				SWIFT_VERSION = 5.0;
				TARGETED_DEVICE_FAMILY = "1,2";
				TEST_TARGET_NAME = ChallengeRockPaperScissors;
			};
			name = Release;
		};
/* End XCBuildConfiguration section */

/* Begin XCConfigurationList section */
		603F6A2C2E9E60D4003F0E56 /* Build configuration list for PBXProject "ChallengeRockPaperScissors" */ = {
			isa = XCConfigurationList;
			buildConfigurations = (
				603F6A532E9E60D5003F0E56 /* Debug */,
				603F6A542E9E60D5003F0E56 /* Release */,
			);
			defaultConfigurationIsVisible = 0;
			defaultConfigurationName = Release;
		};
		603F6A552E9E60D5003F0E56 /* Build configuration list for PBXNativeTarget "ChallengeRockPaperScissors" */ = {
			isa = XCConfigurationList;
			buildConfigurations = (
				603F6A562E9E60D5003F0E56 /* Debug */,
				603F6A572E9E60D5003F0E56 /* Release */,
			);
			defaultConfigurationIsVisible = 0;
			defaultConfigurationName = Release;
		};
		603F6A582E9E60D5003F0E56 /* Build configuration list for PBXNativeTarget "ChallengeRockPaperScissorsTests" */ = {
			isa = XCConfigurationList;
			buildConfigurations = (
				603F6A592E9E60D5003F0E56 /* Debug */,
				603F6A5A2E9E60D5003F0E56 /* Release */,
			);
			defaultConfigurationIsVisible = 0;
			defaultConfigurationName = Release;
		};
		603F6A5B2E9E60D5003F0E56 /* Build configuration list for PBXNativeTarget "ChallengeRockPaperScissorsUITests" */ = {
			isa = XCConfigurationList;
			buildConfigurations = (
				603F6A5C2E9E60D5003F0E56 /* Debug */,
				603F6A5D2E9E60D5003F0E56 /* Release */,
			);
			defaultConfigurationIsVisible = 0;
			defaultConfigurationName = Release;
		};
/* End XCConfigurationList section */
	};
	rootObject = 603F6A292E9E60D4003F0E56 /* Project object */;
}
